Microsoft Visual Studio Solution File, Format Version 12.00
# Visual Studio Version 17
VisualStudioVersion = 17.5.2.0
MinimumVisualStudioVersion = 10.0.40219.1
Project("{FAE04EC0-301F-11D3-BF4B-00C04F79EFBC}") = "GAMS.API", "GAMS.API\GAMS.API.csproj", "{5BCD2CD1-BEE0-933B-6E7C-C189E3E2E17C}"
EndProject
Global
	GlobalSection(SolutionConfigurationPlatforms) = preSolution
		Debug|Any CPU = Debug|Any CPU
		Release|Any CPU = Release|Any CPU
	EndGlobalSection
	GlobalSection(ProjectConfigurationPlatforms) = postSolution
		{5BCD2CD1-BEE0-933B-6E7C-C189E3E2E17C}.Debug|Any CPU.ActiveCfg = Debug|Any CPU
		{5BCD2CD1-BEE0-933B-6E7C-C189E3E2E17C}.Debug|Any CPU.Build.0 = Debug|Any CPU
		{5BCD2CD1-BEE0-933B-6E7C-C189E3E2E17C}.Release|Any CPU.ActiveCfg = Release|Any CPU
		{5BCD2CD1-BEE0-933B-6E7C-C189E3E2E17C}.Release|Any CPU.Build.0 = Release|Any CPU
	EndGlobalSection
	GlobalSection(SolutionProperties) = preSolution
		HideSolutionNode = FALSE
	EndGlobalSection
	GlobalSection(ExtensibilityGlobals) = postSolution
		SolutionGuid = {1A5E18F7-CCEB-4DC4-99B2-BA8F3925B317}
	EndGlobalSection
EndGlobal
